// !$*UTF8*$!
{
	archiveVersion = 1;
	classes = {
	};
	objectVersion = 50;
	objects = {

/* Begin PBXBuildFile section */
		32009B9D2537FDD3006CD075 /* ExercisesViewController.swift in Sources */ = {isa = PBXBuildFile; fileRef = 32009B9C2537FDD3006CD075 /* ExercisesViewController.swift */; };
		32009B9F2537FE23006CD075 /* Exercise.swift in Sources */ = {isa = PBXBuildFile; fileRef = 32009B9E2537FE23006CD075 /* Exercise.swift */; };
		32009BA1253801AB006CD075 /* NewExerciseViewController.swift in Sources */ = {isa = PBXBuildFile; fileRef = 32009BA0253801AB006CD075 /* NewExerciseViewController.swift */; };
		321C5D7625369F6100812174 /* AppDelegate.swift in Sources */ = {isa = PBXBuildFile; fileRef = 321C5D7525369F6100812174 /* AppDelegate.swift */; };
		321C5D7825369F6100812174 /* SceneDelegate.swift in Sources */ = {isa = PBXBuildFile; fileRef = 321C5D7725369F6100812174 /* SceneDelegate.swift */; };
		321C5D7D25369F6100812174 /* Main.storyboard in Resources */ = {isa = PBXBuildFile; fileRef = 321C5D7B25369F6100812174 /* Main.storyboard */; };
		321C5D7F25369F6400812174 /* Assets.xcassets in Resources */ = {isa = PBXBuildFile; fileRef = 321C5D7E25369F6400812174 /* Assets.xcassets */; };
		321C5D8225369F6400812174 /* LaunchScreen.storyboard in Resources */ = {isa = PBXBuildFile; fileRef = 321C5D8025369F6400812174 /* LaunchScreen.storyboard */; };
		3222DA3B2564C21F00119216 /* NewRoutineExercisesViewController.swift in Sources */ = {isa = PBXBuildFile; fileRef = 3222DA3A2564C21F00119216 /* NewRoutineExercisesViewController.swift */; };
		3222DA3D2565B20C00119216 /* StartRoutineViewController.swift in Sources */ = {isa = PBXBuildFile; fileRef = 3222DA3C2565B20B00119216 /* StartRoutineViewController.swift */; };
		328C21F025507EBD00C75C38 /* RoutinesViewController.swift in Sources */ = {isa = PBXBuildFile; fileRef = 328C21EF25507EBD00C75C38 /* RoutinesViewController.swift */; };
		328C21F2255083B300C75C38 /* Routine.swift in Sources */ = {isa = PBXBuildFile; fileRef = 328C21F1255083B300C75C38 /* Routine.swift */; };
		328C21F42551250400C75C38 /* NewRoutineViewController.swift in Sources */ = {isa = PBXBuildFile; fileRef = 328C21F32551250400C75C38 /* NewRoutineViewController.swift */; };
		329591A125381B1500E15265 /* SimpleButton.swift in Sources */ = {isa = PBXBuildFile; fileRef = 329591A025381B1500E15265 /* SimpleButton.swift */; };
		32B4F1EE2553D9DF00E62F9E /* ExerciseDetailViewController.swift in Sources */ = {isa = PBXBuildFile; fileRef = 32B4F1ED2553D9DF00E62F9E /* ExerciseDetailViewController.swift */; };
		32BEB85B255385F500CE276F /* RoutineDetailViewController.swift in Sources */ = {isa = PBXBuildFile; fileRef = 32BEB85A255385F500CE276F /* RoutineDetailViewController.swift */; };
		32BEB85E25538D6C00CE276F /* ExerciseCellTableViewCell.swift in Sources */ = {isa = PBXBuildFile; fileRef = 32BEB85C25538D6C00CE276F /* ExerciseCellTableViewCell.swift */; };
		32BEB85F25538D6C00CE276F /* ExerciseCellTableViewCell.xib in Resources */ = {isa = PBXBuildFile; fileRef = 32BEB85D25538D6C00CE276F /* ExerciseCellTableViewCell.xib */; };
/* End PBXBuildFile section */

/* Begin PBXFileReference section */
		32009B9C2537FDD3006CD075 /* ExercisesViewController.swift */ = {isa = PBXFileReference; lastKnownFileType = sourcecode.swift; name = ExercisesViewController.swift; path = ViewControllers/ExercisesViewController.swift; sourceTree = "<group>"; };
		32009B9E2537FE23006CD075 /* Exercise.swift */ = {isa = PBXFileReference; lastKnownFileType = sourcecode.swift; name = Exercise.swift; path = ObjClass/Exercise.swift; sourceTree = "<group>"; };
		32009BA0253801AB006CD075 /* NewExerciseViewController.swift */ = {isa = PBXFileReference; lastKnownFileType = sourcecode.swift; name = NewExerciseViewController.swift; path = ViewControllers/NewExerciseViewController.swift; sourceTree = "<group>"; };
		321C5D7225369F6100812174 /* MyTrainingBook.app */ = {isa = PBXFileReference; explicitFileType = wrapper.application; includeInIndex = 0; path = MyTrainingBook.app; sourceTree = BUILT_PRODUCTS_DIR; };
		321C5D7525369F6100812174 /* AppDelegate.swift */ = {isa = PBXFileReference; lastKnownFileType = sourcecode.swift; path = AppDelegate.swift; sourceTree = "<group>"; };
		321C5D7725369F6100812174 /* SceneDelegate.swift */ = {isa = PBXFileReference; lastKnownFileType = sourcecode.swift; path = SceneDelegate.swift; sourceTree = "<group>"; };
		321C5D7C25369F6100812174 /* Base */ = {isa = PBXFileReference; lastKnownFileType = file.storyboard; name = Base; path = Base.lproj/Main.storyboard; sourceTree = "<group>"; };
		321C5D7E25369F6400812174 /* Assets.xcassets */ = {isa = PBXFileReference; lastKnownFileType = folder.assetcatalog; path = Assets.xcassets; sourceTree = "<group>"; };
		321C5D8125369F6400812174 /* Base */ = {isa = PBXFileReference; lastKnownFileType = file.storyboard; name = Base; path = Base.lproj/LaunchScreen.storyboard; sourceTree = "<group>"; };
		321C5D8325369F6400812174 /* Info.plist */ = {isa = PBXFileReference; lastKnownFileType = text.plist.xml; path = Info.plist; sourceTree = "<group>"; };
		3222DA3A2564C21F00119216 /* NewRoutineExercisesViewController.swift */ = {isa = PBXFileReference; lastKnownFileType = sourcecode.swift; name = NewRoutineExercisesViewController.swift; path = MyTrainingBook/ViewControllers/NewRoutineExercisesViewController.swift; sourceTree = "<group>"; };
		3222DA3C2565B20B00119216 /* StartRoutineViewController.swift */ = {isa = PBXFileReference; lastKnownFileType = sourcecode.swift; name = StartRoutineViewController.swift; path = ViewControllers/StartRoutineViewController.swift; sourceTree = "<group>"; };
		328C21EF25507EBD00C75C38 /* RoutinesViewController.swift */ = {isa = PBXFileReference; lastKnownFileType = sourcecode.swift; name = RoutinesViewController.swift; path = ViewControllers/RoutinesViewController.swift; sourceTree = "<group>"; };
		328C21F1255083B300C75C38 /* Routine.swift */ = {isa = PBXFileReference; lastKnownFileType = sourcecode.swift; name = Routine.swift; path = ObjClass/Routine.swift; sourceTree = "<group>"; };
		328C21F32551250400C75C38 /* NewRoutineViewController.swift */ = {isa = PBXFileReference; lastKnownFileType = sourcecode.swift; name = NewRoutineViewController.swift; path = ViewControllers/NewRoutineViewController.swift; sourceTree = "<group>"; };
		329591A025381B1500E15265 /* SimpleButton.swift */ = {isa = PBXFileReference; lastKnownFileType = sourcecode.swift; name = SimpleButton.swift; path = Components/SimpleButton.swift; sourceTree = "<group>"; };
		32B4F1ED2553D9DF00E62F9E /* ExerciseDetailViewController.swift */ = {isa = PBXFileReference; lastKnownFileType = sourcecode.swift; name = ExerciseDetailViewController.swift; path = ViewControllers/ExerciseDetailViewController.swift; sourceTree = "<group>"; };
		32BEB85A255385F500CE276F /* RoutineDetailViewController.swift */ = {isa = PBXFileReference; lastKnownFileType = sourcecode.swift; name = RoutineDetailViewController.swift; path = ViewControllers/RoutineDetailViewController.swift; sourceTree = "<group>"; };
		32BEB85C25538D6C00CE276F /* ExerciseCellTableViewCell.swift */ = {isa = PBXFileReference; lastKnownFileType = sourcecode.swift; name = ExerciseCellTableViewCell.swift; path = MyTrainingBook/Components/ExerciseCellTableViewCell.swift; sourceTree = "<group>"; };
		32BEB85D25538D6C00CE276F /* ExerciseCellTableViewCell.xib */ = {isa = PBXFileReference; lastKnownFileType = file.xib; name = ExerciseCellTableViewCell.xib; path = MyTrainingBook/Components/ExerciseCellTableViewCell.xib; sourceTree = "<group>"; };
/* End PBXFileReference section */

/* Begin PBXFrameworksBuildPhase section */
		321C5D6F25369F6100812174 /* Frameworks */ = {
			isa = PBXFrameworksBuildPhase;
			buildActionMask = 2147483647;
			files = (
			);
			runOnlyForDeploymentPostprocessing = 0;
		};
/* End PBXFrameworksBuildPhase section */

/* Begin PBXGroup section */
		321C5D6925369F6100812174 = {
			isa = PBXGroup;
			children = (
				3222DA3A2564C21F00119216 /* NewRoutineExercisesViewController.swift */,
				32BEB85C25538D6C00CE276F /* ExerciseCellTableViewCell.swift */,
				32BEB85D25538D6C00CE276F /* ExerciseCellTableViewCell.xib */,
				321C5D7425369F6100812174 /* MyTrainingBook */,
				321C5D7325369F6100812174 /* Products */,
			);
			sourceTree = "<group>";
		};
		321C5D7325369F6100812174 /* Products */ = {
			isa = PBXGroup;
			children = (
				321C5D7225369F6100812174 /* MyTrainingBook.app */,
			);
			name = Products;
			sourceTree = "<group>";
		};
		321C5D7425369F6100812174 /* MyTrainingBook */ = {
			isa = PBXGroup;
			children = (
				321C5D7525369F6100812174 /* AppDelegate.swift */,
				321C5D7725369F6100812174 /* SceneDelegate.swift */,
				321C5D7B25369F6100812174 /* Main.storyboard */,
				3222DA3C2565B20B00119216 /* StartRoutineViewController.swift */,
				32B4F1ED2553D9DF00E62F9E /* ExerciseDetailViewController.swift */,
				32009B9C2537FDD3006CD075 /* ExercisesViewController.swift */,
				32BEB85A255385F500CE276F /* RoutineDetailViewController.swift */,
				328C21EF25507EBD00C75C38 /* RoutinesViewController.swift */,
				32009BA0253801AB006CD075 /* NewExerciseViewController.swift */,
				32009B9E2537FE23006CD075 /* Exercise.swift */,
				328C21F1255083B300C75C38 /* Routine.swift */,
				328C21F32551250400C75C38 /* NewRoutineViewController.swift */,
				321C5D7E25369F6400812174 /* Assets.xcassets */,
				329591A025381B1500E15265 /* SimpleButton.swift */,
				321C5D8025369F6400812174 /* LaunchScreen.storyboard */,
				321C5D8325369F6400812174 /* Info.plist */,
			);
			path = MyTrainingBook;
			sourceTree = "<group>";
		};
/* End PBXGroup section */

/* Begin PBXNativeTarget section */
		321C5D7125369F6100812174 /* MyTrainingBook */ = {
			isa = PBXNativeTarget;
			buildConfigurationList = 321C5D8625369F6400812174 /* Build configuration list for PBXNativeTarget "MyTrainingBook" */;
			buildPhases = (
				321C5D6E25369F6100812174 /* Sources */,
				321C5D6F25369F6100812174 /* Frameworks */,
				321C5D7025369F6100812174 /* Resources */,
			);
			buildRules = (
			);
			dependencies = (
			);
			name = MyTrainingBook;
			productName = MyTrainingBook;
			productReference = 321C5D7225369F6100812174 /* MyTrainingBook.app */;
			productType = "com.apple.product-type.application";
		};
/* End PBXNativeTarget section */

/* Begin PBXProject section */
		321C5D6A25369F6100812174 /* Project object */ = {
			isa = PBXProject;
			attributes = {
				LastSwiftUpdateCheck = 1160;
				LastUpgradeCheck = 1160;
				ORGANIZATIONNAME = "Renato Sánchez";
				TargetAttributes = {
					321C5D7125369F6100812174 = {
						CreatedOnToolsVersion = 11.6;
					};
				};
			};
			buildConfigurationList = 321C5D6D25369F6100812174 /* Build configuration list for PBXProject "MyTrainingBook" */;
			compatibilityVersion = "Xcode 9.3";
			developmentRegion = en;
			hasScannedForEncodings = 0;
			knownRegions = (
				en,
				Base,
			);
			mainGroup = 321C5D6925369F6100812174;
			productRefGroup = 321C5D7325369F6100812174 /* Products */;
			projectDirPath = "";
			projectRoot = "";
			targets = (
				321C5D7125369F6100812174 /* MyTrainingBook */,
			);
		};
/* End PBXProject section */

/* Begin PBXResourcesBuildPhase section */
		321C5D7025369F6100812174 /* Resources */ = {
			isa = PBXResourcesBuildPhase;
			buildActionMask = 2147483647;
			files = (
				321C5D8225369F6400812174 /* LaunchScreen.storyboard in Resources */,
				32BEB85F25538D6C00CE276F /* ExerciseCellTableViewCell.xib in Resources */,
				321C5D7F25369F6400812174 /* Assets.xcassets in Resources */,
				321C5D7D25369F6100812174 /* Main.storyboard in Resources */,
			);
			runOnlyForDeploymentPostprocessing = 0;
		};
/* End PBXResourcesBuildPhase section */

/* Begin PBXSourcesBuildPhase section */
		321C5D6E25369F6100812174 /* Sources */ = {
			isa = PBXSourcesBuildPhase;
			buildActionMask = 2147483647;
			files = (
				32009B9F2537FE23006CD075 /* Exercise.swift in Sources */,
				321C5D7625369F6100812174 /* AppDelegate.swift in Sources */,
				321C5D7825369F6100812174 /* SceneDelegate.swift in Sources */,
				32BEB85E25538D6C00CE276F /* ExerciseCellTableViewCell.swift in Sources */,
				3222DA3D2565B20C00119216 /* StartRoutineViewController.swift in Sources */,
				3222DA3B2564C21F00119216 /* NewRoutineExercisesViewController.swift in Sources */,
				32009B9D2537FDD3006CD075 /* ExercisesViewController.swift in Sources */,
				328C21F025507EBD00C75C38 /* RoutinesViewController.swift in Sources */,
				328C21F42551250400C75C38 /* NewRoutineViewController.swift in Sources */,
				32BEB85B255385F500CE276F /* RoutineDetailViewController.swift in Sources */,
				32009BA1253801AB006CD075 /* NewExerciseViewController.swift in Sources */,
				328C21F2255083B300C75C38 /* Routine.swift in Sources */,
				329591A125381B1500E15265 /* SimpleButton.swift in Sources */,
				32B4F1EE2553D9DF00E62F9E /* ExerciseDetailViewController.swift in Sources */,
			);
			runOnlyForDeploymentPostprocessing = 0;
		};
/* End PBXSourcesBuildPhase section */

/* Begin PBXVariantGroup section */
		321C5D7B25369F6100812174 /* Main.storyboard */ = {
			isa = PBXVariantGroup;
			children = (
				321C5D7C25369F6100812174 /* Base */,
			);
			name = Main.storyboard;
			sourceTree = "<group>";
		};
		321C5D8025369F6400812174 /* LaunchScreen.storyboard */ = {
			isa = PBXVariantGroup;
			children = (
				321C5D8125369F6400812174 /* Base */,
			);
			name = LaunchScreen.storyboard;
			sourceTree = "<group>";
		};
/* End PBXVariantGroup section */

/* Begin XCBuildConfiguration section */
		321C5D8425369F6400812174 /* Debug */ = {
			isa = XCBuildConfiguration;
			buildSettings = {
				ALWAYS_SEARCH_USER_PATHS = NO;
				CLANG_ANALYZER_NONNULL = YES;
				CLANG_ANALYZER_NUMBER_OBJECT_CONVERSION = YES_AGGRESSIVE;
				CLANG_CXX_LANGUAGE_STANDARD = "gnu++14";
				CLANG_CXX_LIBRARY = "libc++";
				CLANG_ENABLE_MODULES = YES;
				CLANG_ENABLE_OBJC_ARC = YES;
				CLANG_ENABLE_OBJC_WEAK = YES;
				CLANG_WARN_BLOCK_CAPTURE_AUTORELEASING = YES;
				CLANG_WARN_BOOL_CONVERSION = YES;
				CLANG_WARN_COMMA = YES;
				CLANG_WARN_CONSTANT_CONVERSION = YES;
				CLANG_WARN_DEPRECATED_OBJC_IMPLEMENTATIONS = YES;
				CLANG_WARN_DIRECT_OBJC_ISA_USAGE = YES_ERROR;
				CLANG_WARN_DOCUMENTATION_COMMENTS = YES;
				CLANG_WARN_EMPTY_BODY = YES;
				CLANG_WARN_ENUM_CONVERSION = YES;
				CLANG_WARN_INFINITE_RECURSION = YES;
				CLANG_WARN_INT_CONVERSION = YES;
				CLANG_WARN_NON_LITERAL_NULL_CONVERSION = YES;
				CLANG_WARN_OBJC_IMPLICIT_RETAIN_SELF = YES;
				CLANG_WARN_OBJC_LITERAL_CONVERSION = YES;
				CLANG_WARN_OBJC_ROOT_CLASS = YES_ERROR;
				CLANG_WARN_RANGE_LOOP_ANALYSIS = YES;
				CLANG_WARN_STRICT_PROTOTYPES = YES;
				CLANG_WARN_SUSPICIOUS_MOVE = YES;
				CLANG_WARN_UNGUARDED_AVAILABILITY = YES_AGGRESSIVE;
				CLANG_WARN_UNREACHABLE_CODE = YES;
				CLANG_WARN__DUPLICATE_METHOD_MATCH = YES;
				COPY_PHASE_STRIP = NO;
				DEBUG_INFORMATION_FORMAT = dwarf;
				ENABLE_STRICT_OBJC_MSGSEND = YES;
				ENABLE_TESTABILITY = YES;
				GCC_C_LANGUAGE_STANDARD = gnu11;
				GCC_DYNAMIC_NO_PIC = NO;
				GCC_NO_COMMON_BLOCKS = YES;
				GCC_OPTIMIZATION_LEVEL = 0;
				GCC_PREPROCESSOR_DEFINITIONS = (
					"DEBUG=1",
					"$(inherited)",
				);
				GCC_WARN_64_TO_32_BIT_CONVERSION = YES;
				GCC_WARN_ABOUT_RETURN_TYPE = YES_ERROR;
				GCC_WARN_UNDECLARED_SELECTOR = YES;
				GCC_WARN_UNINITIALIZED_AUTOS = YES_AGGRESSIVE;
				GCC_WARN_UNUSED_FUNCTION = YES;
				GCC_WARN_UNUSED_VARIABLE = YES;
				IPHONEOS_DEPLOYMENT_TARGET = 13.6;
				MTL_ENABLE_DEBUG_INFO = INCLUDE_SOURCE;
				MTL_FAST_MATH = YES;
				ONLY_ACTIVE_ARCH = YES;
				SDKROOT = iphoneos;
				SWIFT_ACTIVE_COMPILATION_CONDITIONS = DEBUG;
				SWIFT_OPTIMIZATION_LEVEL = "-Onone";
			};
			name = Debug;
		};
		321C5D8525369F6400812174 /* Release */ = {
			isa = XCBuildConfiguration;
			buildSettings = {
				ALWAYS_SEARCH_USER_PATHS = NO;
				CLANG_ANALYZER_NONNULL = YES;
				CLANG_ANALYZER_NUMBER_OBJECT_CONVERSION = YES_AGGRESSIVE;
				CLANG_CXX_LANGUAGE_STANDARD = "gnu++14";
				CLANG_CXX_LIBRARY = "libc++";
				CLANG_ENABLE_MODULES = YES;
				CLANG_ENABLE_OBJC_ARC = YES;
				CLANG_ENABLE_OBJC_WEAK = YES;
				CLANG_WARN_BLOCK_CAPTURE_AUTORELEASING = YES;
				CLANG_WARN_BOOL_CONVERSION = YES;
				CLANG_WARN_COMMA = YES;
				CLANG_WARN_CONSTANT_CONVERSION = YES;
				CLANG_WARN_DEPRECATED_OBJC_IMPLEMENTATIONS = YES;
				CLANG_WARN_DIRECT_OBJC_ISA_USAGE = YES_ERROR;
				CLANG_WARN_DOCUMENTATION_COMMENTS = YES;
				CLANG_WARN_EMPTY_BODY = YES;
				CLANG_WARN_ENUM_CONVERSION = YES;
				CLANG_WARN_INFINITE_RECURSION = YES;
				CLANG_WARN_INT_CONVERSION = YES;
				CLANG_WARN_NON_LITERAL_NULL_CONVERSION = YES;
				CLANG_WARN_OBJC_IMPLICIT_RETAIN_SELF = YES;
				CLANG_WARN_OBJC_LITERAL_CONVERSION = YES;
				CLANG_WARN_OBJC_ROOT_CLASS = YES_ERROR;
				CLANG_WARN_RANGE_LOOP_ANALYSIS = YES;
				CLANG_WARN_STRICT_PROTOTYPES = YES;
				CLANG_WARN_SUSPICIOUS_MOVE = YES;
				CLANG_WARN_UNGUARDED_AVAILABILITY = YES_AGGRESSIVE;
				CLANG_WARN_UNREACHABLE_CODE = YES;
				CLANG_WARN__DUPLICATE_METHOD_MATCH = YES;
				COPY_PHASE_STRIP = NO;
				DEBUG_INFORMATION_FORMAT = "dwarf-with-dsym";
				ENABLE_NS_ASSERTIONS = NO;
				ENABLE_STRICT_OBJC_MSGSEND = YES;
				GCC_C_LANGUAGE_STANDARD = gnu11;
				GCC_NO_COMMON_BLOCKS = YES;
				GCC_WARN_64_TO_32_BIT_CONVERSION = YES;
				GCC_WARN_ABOUT_RETURN_TYPE = YES_ERROR;
				GCC_WARN_UNDECLARED_SELECTOR = YES;
				GCC_WARN_UNINITIALIZED_AUTOS = YES_AGGRESSIVE;
				GCC_WARN_UNUSED_FUNCTION = YES;
				GCC_WARN_UNUSED_VARIABLE = YES;
				IPHONEOS_DEPLOYMENT_TARGET = 13.6;
				MTL_ENABLE_DEBUG_INFO = NO;
				MTL_FAST_MATH = YES;
				SDKROOT = iphoneos;
				SWIFT_COMPILATION_MODE = wholemodule;
				SWIFT_OPTIMIZATION_LEVEL = "-O";
				VALIDATE_PRODUCT = YES;
			};
			name = Release;
		};
		321C5D8725369F6400812174 /* Debug */ = {
			isa = XCBuildConfiguration;
			buildSettings = {
				ASSETCATALOG_COMPILER_APPICON_NAME = AppIcon;
				CODE_SIGN_STYLE = Automatic;
				INFOPLIST_FILE = MyTrainingBook/Info.plist;
				LD_RUNPATH_SEARCH_PATHS = (
					"$(inherited)",
					"@executable_path/Frameworks",
				);
				PRODUCT_BUNDLE_IDENTIFIER = rsanchez.MyTrainingBook;
				PRODUCT_NAME = "$(TARGET_NAME)";
				SWIFT_VERSION = 5.0;
				TARGETED_DEVICE_FAMILY = "1,2";
			};
			name = Debug;
		};
		321C5D8825369F6400812174 /* Release */ = {
			isa = XCBuildConfiguration;
			buildSettings = {
				ASSETCATALOG_COMPILER_APPICON_NAME = AppIcon;
				CODE_SIGN_STYLE = Automatic;
				INFOPLIST_FILE = MyTrainingBook/Info.plist;
				LD_RUNPATH_SEARCH_PATHS = (
					"$(inherited)",
					"@executable_path/Frameworks",
				);
				PRODUCT_BUNDLE_IDENTIFIER = rsanchez.MyTrainingBook;
				PRODUCT_NAME = "$(TARGET_NAME)";
				SWIFT_VERSION = 5.0;
				TARGETED_DEVICE_FAMILY = "1,2";
			};
			name = Release;
		};
/* End XCBuildConfiguration section */

/* Begin XCConfigurationList section */
		321C5D6D25369F6100812174 /* Build configuration list for PBXProject "MyTrainingBook" */ = {
			isa = XCConfigurationList;
			buildConfigurations = (
				321C5D8425369F6400812174 /* Debug */,
				321C5D8525369F6400812174 /* Release */,
			);
			defaultConfigurationIsVisible = 0;
			defaultConfigurationName = Release;
		};
		321C5D8625369F6400812174 /* Build configuration list for PBXNativeTarget "MyTrainingBook" */ = {
			isa = XCConfigurationList;
			buildConfigurations = (
				321C5D8725369F6400812174 /* Debug */,
				321C5D8825369F6400812174 /* Release */,
			);
			defaultConfigurationIsVisible = 0;
			defaultConfigurationName = Release;
		};
/* End XCConfigurationList section */
	};
	rootObject = 321C5D6A25369F6100812174 /* Project object */;
}
